
Microsoft Visual Studio Solution File, Format Version 12.00
# Visual Studio 15
VisualStudioVersion = 15.0.26730.16
MinimumVisualStudioVersion = 10.0.40219.1
Project("{2150E333-8FDC-42A3-9474-1A3956D46DE8}") = "src", "src", "{51FA9440-84A2-4BCC-8AE6-B6009A5B6D61}"
EndProject
Project("{9A19103F-16F7-4668-BE54-9A1E7A4F7556}") = "AutoRespect.DataBase.Migration.Launcher", "src\AutoRespect.DataBase.Migration.Launcher\AutoRespect.DataBase.Migration.Launcher.csproj", "{5CAD5F3A-F0B8-4F4F-BD79-F625AA4EF682}"
EndProject
Project("{9A19103F-16F7-4668-BE54-9A1E7A4F7556}") = "AutoRespect.DataBase.Migration.IdentityServer", "src\AutoRespect.DataBase.Migration.IdentityServer\AutoRespect.DataBase.Migration.IdentityServer.csproj", "{AAA4D944-BC4E-4A64-BF81-A4BF5B2BA033}"
EndProject
Project("{9A19103F-16F7-4668-BE54-9A1E7A4F7556}") = "AutoRespect.DataBase.Migration.ResourceServer", "src\AutoRespect.DataBase.Migration.ResourceServer\AutoRespect.DataBase.Migration.ResourceServer.csproj", "{77F12536-2C69-4D55-9A18-25F1E575DD51}"
EndProject
Project("{2150E333-8FDC-42A3-9474-1A3956D46DE8}") = "libs", "libs", "{4A3C9198-6274-4456-9D6D-3AB7E750EE0C}"
EndProject
Project("{2150E333-8FDC-42A3-9474-1A3956D46DE8}") = "infrastructure", "infrastructure", "{DE5F6542-9D3B-48B5-A619-031B24512621}"
EndProject
Project("{9A19103F-16F7-4668-BE54-9A1E7A4F7556}") = "AutoRespect.Infrastructure.DI", "submodules\AutoRespect2.0-Infrastructure\src\AutoRespect.Infrastructure.DI\AutoRespect.Infrastructure.DI.csproj", "{1FC8D85E-3007-4D62-8C56-715D921FFC8E}"
EndProject
Project("{9A19103F-16F7-4668-BE54-9A1E7A4F7556}") = "AutoRespect.Infrastructure.DI.Design", "submodules\AutoRespect2.0-Infrastructure\src\AutoRespect.Infrastructure.DI.Design\AutoRespect.Infrastructure.DI.Design.csproj", "{275F7B43-74C0-4E85-B296-65119156A5E8}"
EndProject
Project("{9A19103F-16F7-4668-BE54-9A1E7A4F7556}") = "AutoRespect.Infrastructure.ServiceDiscovery.Design", "submodules\AutoRespect2.0-Infrastructure\src\AutoRespect.Infrastructure.ServiceDiscovery.Design\AutoRespect.Infrastructure.ServiceDiscovery.Design.csproj", "{1CFD7072-DF46-4562-801C-736F60F9E670}"
EndProject
Project("{9A19103F-16F7-4668-BE54-9A1E7A4F7556}") = "AutoRespect.Infrastructure.ServiceDiscovery", "submodules\AutoRespect2.0-Infrastructure\src\AutoRespect.Infrastructure.ServiceDiscovery\AutoRespect.Infrastructure.ServiceDiscovery.csproj", "{FD7C1392-01DA-45E0-8C42-23956BC88C6B}"
EndProject
Global
	GlobalSection(SolutionConfigurationPlatforms) = preSolution
		Debug|Any CPU = Debug|Any CPU
		Release|Any CPU = Release|Any CPU
	EndGlobalSection
	GlobalSection(ProjectConfigurationPlatforms) = postSolution
		{5CAD5F3A-F0B8-4F4F-BD79-F625AA4EF682}.Debug|Any CPU.ActiveCfg = Debug|Any CPU
		{5CAD5F3A-F0B8-4F4F-BD79-F625AA4EF682}.Debug|Any CPU.Build.0 = Debug|Any CPU
		{5CAD5F3A-F0B8-4F4F-BD79-F625AA4EF682}.Release|Any CPU.ActiveCfg = Release|Any CPU
		{5CAD5F3A-F0B8-4F4F-BD79-F625AA4EF682}.Release|Any CPU.Build.0 = Release|Any CPU
		{AAA4D944-BC4E-4A64-BF81-A4BF5B2BA033}.Debug|Any CPU.ActiveCfg = Debug|Any CPU
		{AAA4D944-BC4E-4A64-BF81-A4BF5B2BA033}.Debug|Any CPU.Build.0 = Debug|Any CPU
		{AAA4D944-BC4E-4A64-BF81-A4BF5B2BA033}.Release|Any CPU.ActiveCfg = Release|Any CPU
		{AAA4D944-BC4E-4A64-BF81-A4BF5B2BA033}.Release|Any CPU.Build.0 = Release|Any CPU
		{77F12536-2C69-4D55-9A18-25F1E575DD51}.Debug|Any CPU.ActiveCfg = Debug|Any CPU
		{77F12536-2C69-4D55-9A18-25F1E575DD51}.Debug|Any CPU.Build.0 = Debug|Any CPU
		{77F12536-2C69-4D55-9A18-25F1E575DD51}.Release|Any CPU.ActiveCfg = Release|Any CPU
		{77F12536-2C69-4D55-9A18-25F1E575DD51}.Release|Any CPU.Build.0 = Release|Any CPU
		{1FC8D85E-3007-4D62-8C56-715D921FFC8E}.Debug|Any CPU.ActiveCfg = Debug|Any CPU
		{1FC8D85E-3007-4D62-8C56-715D921FFC8E}.Debug|Any CPU.Build.0 = Debug|Any CPU
		{1FC8D85E-3007-4D62-8C56-715D921FFC8E}.Release|Any CPU.ActiveCfg = Release|Any CPU
		{1FC8D85E-3007-4D62-8C56-715D921FFC8E}.Release|Any CPU.Build.0 = Release|Any CPU
		{275F7B43-74C0-4E85-B296-65119156A5E8}.Debug|Any CPU.ActiveCfg = Debug|Any CPU
		{275F7B43-74C0-4E85-B296-65119156A5E8}.Debug|Any CPU.Build.0 = Debug|Any CPU
		{275F7B43-74C0-4E85-B296-65119156A5E8}.Release|Any CPU.ActiveCfg = Release|Any CPU
		{275F7B43-74C0-4E85-B296-65119156A5E8}.Release|Any CPU.Build.0 = Release|Any CPU
		{1CFD7072-DF46-4562-801C-736F60F9E670}.Debug|Any CPU.ActiveCfg = Debug|Any CPU
		{1CFD7072-DF46-4562-801C-736F60F9E670}.Debug|Any CPU.Build.0 = Debug|Any CPU
		{1CFD7072-DF46-4562-801C-736F60F9E670}.Release|Any CPU.ActiveCfg = Release|Any CPU
		{1CFD7072-DF46-4562-801C-736F60F9E670}.Release|Any CPU.Build.0 = Release|Any CPU
		{FD7C1392-01DA-45E0-8C42-23956BC88C6B}.Debug|Any CPU.ActiveCfg = Debug|Any CPU
		{FD7C1392-01DA-45E0-8C42-23956BC88C6B}.Debug|Any CPU.Build.0 = Debug|Any CPU
		{FD7C1392-01DA-45E0-8C42-23956BC88C6B}.Release|Any CPU.ActiveCfg = Release|Any CPU
		{FD7C1392-01DA-45E0-8C42-23956BC88C6B}.Release|Any CPU.Build.0 = Release|Any CPU
	EndGlobalSection
	GlobalSection(SolutionProperties) = preSolution
		HideSolutionNode = FALSE
	EndGlobalSection
	GlobalSection(NestedProjects) = preSolution
		{5CAD5F3A-F0B8-4F4F-BD79-F625AA4EF682} = {51FA9440-84A2-4BCC-8AE6-B6009A5B6D61}
		{AAA4D944-BC4E-4A64-BF81-A4BF5B2BA033} = {51FA9440-84A2-4BCC-8AE6-B6009A5B6D61}
		{77F12536-2C69-4D55-9A18-25F1E575DD51} = {51FA9440-84A2-4BCC-8AE6-B6009A5B6D61}
		{DE5F6542-9D3B-48B5-A619-031B24512621} = {4A3C9198-6274-4456-9D6D-3AB7E750EE0C}
		{1FC8D85E-3007-4D62-8C56-715D921FFC8E} = {DE5F6542-9D3B-48B5-A619-031B24512621}
		{275F7B43-74C0-4E85-B296-65119156A5E8} = {DE5F6542-9D3B-48B5-A619-031B24512621}
		{1CFD7072-DF46-4562-801C-736F60F9E670} = {DE5F6542-9D3B-48B5-A619-031B24512621}
		{FD7C1392-01DA-45E0-8C42-23956BC88C6B} = {DE5F6542-9D3B-48B5-A619-031B24512621}
	EndGlobalSection
	GlobalSection(ExtensibilityGlobals) = postSolution
		SolutionGuid = {704072B0-8CC1-4619-98D2-5A5DA5C5E781}
	EndGlobalSection
EndGlobal
